
Microsoft Visual Studio Solution File, Format Version 12.00
# Visual Studio Version 17
VisualStudioVersion = 17.1.32407.343
MinimumVisualStudioVersion = 10.0.40219.1
Project("{9A19103F-16F7-4668-BE54-9A1E7A4F7556}") = "MsTest_BankAccount", "MsUnitTest\MsTest_BankAccount.csproj", "{97E6DBE6-A373-4A0B-947D-ED381B558010}"
EndProject
Project("{9A19103F-16F7-4668-BE54-9A1E7A4F7556}") = "BankAccount", "BankAccountTesting\BankAccount.csproj", "{C5D7CB12-AE8C-46F6-BBFD-5F6347BF4BC8}"
EndProject
Global
	GlobalSection(SolutionConfigurationPlatforms) = preSolution
		Debug|Any CPU = Debug|Any CPU
		Release|Any CPU = Release|Any CPU
	EndGlobalSection
	GlobalSection(ProjectConfigurationPlatforms) = postSolution
		{97E6DBE6-A373-4A0B-947D-ED381B558010}.Debug|Any CPU.ActiveCfg = Debug|Any CPU
		{97E6DBE6-A373-4A0B-947D-ED381B558010}.Debug|Any CPU.Build.0 = Debug|Any CPU
		{97E6DBE6-A373-4A0B-947D-ED381B558010}.Release|Any CPU.ActiveCfg = Release|Any CPU
		{97E6DBE6-A373-4A0B-947D-ED381B558010}.Release|Any CPU.Build.0 = Release|Any CPU
		{C5D7CB12-AE8C-46F6-BBFD-5F6347BF4BC8}.Debug|Any CPU.ActiveCfg = Debug|Any CPU
		{C5D7CB12-AE8C-46F6-BBFD-5F6347BF4BC8}.Debug|Any CPU.Build.0 = Debug|Any CPU
		{C5D7CB12-AE8C-46F6-BBFD-5F6347BF4BC8}.Release|Any CPU.ActiveCfg = Release|Any CPU
		{C5D7CB12-AE8C-46F6-BBFD-5F6347BF4BC8}.Release|Any CPU.Build.0 = Release|Any CPU
	EndGlobalSection
	GlobalSection(SolutionProperties) = preSolution
		HideSolutionNode = FALSE
	EndGlobalSection
	GlobalSection(ExtensibilityGlobals) = postSolution
		SolutionGuid = {33AC5DE5-8CF7-4C46-8993-43631463A765}
	EndGlobalSection
EndGlobal
