
Microsoft Visual Studio Solution File, Format Version 12.00
# Visual Studio Version 17
VisualStudioVersion = 17.1.32421.90
MinimumVisualStudioVersion = 10.0.40219.1
Project("{FAE04EC0-301F-11D3-BF4B-00C04F79EFBC}") = "Lab3-Database Testing", "Lab3-Database Testing\Lab3-Database Testing.csproj", "{1CFBE2DC-FFD9-4EA2-946B-04F2D3CDC1DD}"
EndProject
Project("{FAE04EC0-301F-11D3-BF4B-00C04F79EFBC}") = "Lab3UnitTest", "Lab3UnitTest\Lab3UnitTest.csproj", "{F1746469-0269-431F-97D0-245B7855678B}"
EndProject
Global
	GlobalSection(SolutionConfigurationPlatforms) = preSolution
		Debug|Any CPU = Debug|Any CPU
		Release|Any CPU = Release|Any CPU
	EndGlobalSection
	GlobalSection(ProjectConfigurationPlatforms) = postSolution
		{1CFBE2DC-FFD9-4EA2-946B-04F2D3CDC1DD}.Debug|Any CPU.ActiveCfg = Debug|Any CPU
		{1CFBE2DC-FFD9-4EA2-946B-04F2D3CDC1DD}.Debug|Any CPU.Build.0 = Debug|Any CPU
		{1CFBE2DC-FFD9-4EA2-946B-04F2D3CDC1DD}.Release|Any CPU.ActiveCfg = Release|Any CPU
		{1CFBE2DC-FFD9-4EA2-946B-04F2D3CDC1DD}.Release|Any CPU.Build.0 = Release|Any CPU
		{F1746469-0269-431F-97D0-245B7855678B}.Debug|Any CPU.ActiveCfg = Debug|Any CPU
		{F1746469-0269-431F-97D0-245B7855678B}.Debug|Any CPU.Build.0 = Debug|Any CPU
		{F1746469-0269-431F-97D0-245B7855678B}.Release|Any CPU.ActiveCfg = Release|Any CPU
		{F1746469-0269-431F-97D0-245B7855678B}.Release|Any CPU.Build.0 = Release|Any CPU
	EndGlobalSection
	GlobalSection(SolutionProperties) = preSolution
		HideSolutionNode = FALSE
	EndGlobalSection
	GlobalSection(ExtensibilityGlobals) = postSolution
		SolutionGuid = {C016A9EB-982F-4E94-98DE-BA43077273CE}
	EndGlobalSection
EndGlobal
