
Microsoft Visual Studio Solution File, Format Version 12.00
# Visual Studio Version 17
VisualStudioVersion = 17.1.32407.343
MinimumVisualStudioVersion = 10.0.40219.1
Project("{9A19103F-16F7-4668-BE54-9A1E7A4F7556}") = "Lab1", "Lab1\Lab1.csproj", "{8C48EA19-8F84-44AD-8268-DE8243316679}"
EndProject
Project("{9A19103F-16F7-4668-BE54-9A1E7A4F7556}") = "VehicleTest", "VehicleTest\VehicleTest.csproj", "{3F42837A-B9B0-4E02-8C1B-BC9B4F670680}"
EndProject
Global
	GlobalSection(SolutionConfigurationPlatforms) = preSolution
		Debug|Any CPU = Debug|Any CPU
		Release|Any CPU = Release|Any CPU
	EndGlobalSection
	GlobalSection(ProjectConfigurationPlatforms) = postSolution
		{8C48EA19-8F84-44AD-8268-DE8243316679}.Debug|Any CPU.ActiveCfg = Debug|Any CPU
		{8C48EA19-8F84-44AD-8268-DE8243316679}.Debug|Any CPU.Build.0 = Debug|Any CPU
		{8C48EA19-8F84-44AD-8268-DE8243316679}.Release|Any CPU.ActiveCfg = Release|Any CPU
		{8C48EA19-8F84-44AD-8268-DE8243316679}.Release|Any CPU.Build.0 = Release|Any CPU
		{3F42837A-B9B0-4E02-8C1B-BC9B4F670680}.Debug|Any CPU.ActiveCfg = Debug|Any CPU
		{3F42837A-B9B0-4E02-8C1B-BC9B4F670680}.Debug|Any CPU.Build.0 = Debug|Any CPU
		{3F42837A-B9B0-4E02-8C1B-BC9B4F670680}.Release|Any CPU.ActiveCfg = Release|Any CPU
		{3F42837A-B9B0-4E02-8C1B-BC9B4F670680}.Release|Any CPU.Build.0 = Release|Any CPU
	EndGlobalSection
	GlobalSection(SolutionProperties) = preSolution
		HideSolutionNode = FALSE
	EndGlobalSection
	GlobalSection(ExtensibilityGlobals) = postSolution
		SolutionGuid = {F891EBF3-F674-4CE3-AFA2-DC7384E2A73E}
	EndGlobalSection
EndGlobal
